lockfileVersion: '6.0'

settings:
  autoInstallPeers: true
  excludeLinksFromLockfile: false

importers:

  .:
    dependencies:
      dayjs:
        specifier: ^1.11.10
        version: 1.11.10

  ../..: {}

  ../../dist/apps/webhome: {}

  ../../dist/apps/webportal: {}

  ../../dist/libs/media: {}

  ../../dist/libs/ory: {}

  ../../dist/libs/ui: {}

  ../../libs/media: {}

  ../../libs/ory: {}

  ../../libs/ui: {}

  ../webportal: {}

packages:

  /dayjs@1.11.10:
    resolution: {integrity: sha512-vjAczensTgRcqDERK0SR2XMwsF/tSvnvlv6VcF2GIhg6Sx4yOIt/irsr1RDJsKiIyBzJDpCoXiWWq28MqH2cnQ==}
    dev: false
