lockfileVersion: '6.0'

settings:
  autoInstallPeers: true
  excludeLinksFromLockfile: false

importers:

  .:
    dependencies:
      '@geist-ui/icons':
        specifier: ^1.0.2
        version: 1.0.2(@geist-ui/core@2.3.8)(react@18.2.0)
      '@types/lodash.startcase':
        specifier: ^4.4.9
        version: 4.4.9
      '@types/lodash.tolower':
        specifier: ^4.1.9
        version: 4.1.9
      lodash.startcase:
        specifier: ^4.4.0
        version: 4.4.0
      lodash.tolower:
        specifier: ^4.1.2
        version: 4.1.2

  ../..: {}

  ../../apps/webhome: {}

  ../../apps/webportal: {}

  ../../dist/apps/webhome: {}

  ../../dist/apps/webportal: {}

  ../../dist/libs/media: {}

  ../../dist/libs/ory: {}

  ../../dist/libs/ui: {}

  ../media: {}

  ../ory: {}

packages:

  /@babel/runtime@7.23.8:
    resolution: {integrity: sha512-Y7KbAP984rn1VGMbGqKmBLio9V7y5Je9GvU4rQPCPinCyNfUcToxIXl06d59URp/F3LwinvODxab5N/G6qggkw==}
    engines: {node: '>=6.9.0'}
    dependencies:
      regenerator-runtime: 0.14.1
    dev: false

  /@geist-ui/core@2.3.8(react-dom@18.2.0)(react@18.2.0):
    resolution: {integrity: sha512-OKwGgTA4+fBM41eQbqDoUj4XBycZbYH7Ynrn6LPO5yKX7zeWPu/R7HN3vB4/oHt34VTDQI5sDNb1SirHvNyB5w==}
    peerDependencies:
      react: '>=16.9.0'
      react-dom: '>=16.9.0'
    dependencies:
      '@babel/runtime': 7.23.8
      react: 18.2.0
      react-dom: 18.2.0(react@18.2.0)
    dev: false

  /@geist-ui/icons@1.0.2(@geist-ui/core@2.3.8)(react@18.2.0):
    resolution: {integrity: sha512-Npfa0NW6fQ31qw/+iMPWbs1hAcJ/3FqBjSLYgEfITDqy/3TJFpFKeVyK04AC/hTmYTsdNruVYczqPNcham5FOQ==}
    peerDependencies:
      '@geist-ui/core': '>=1.0.0'
      react: '>=16.13.0'
    dependencies:
      '@geist-ui/core': 2.3.8(react-dom@18.2.0)(react@18.2.0)
      react: 18.2.0
    dev: false

  /@types/lodash.startcase@4.4.9:
    resolution: {integrity: sha512-C0M4DlN1pnn2vEEhLHkTHxiRZ+3GlTegpoAEHHGXnuJkSOXyJMHGiSc+SLRzBlFZWHsBkixe6FqvEAEU04g14g==}
    dependencies:
      '@types/lodash': 4.14.202
    dev: false

  /@types/lodash.tolower@4.1.9:
    resolution: {integrity: sha512-2L84yR3CpRdpFfS5dbpuxCp78cX7IVeJEitQ9yEvWBLJrvhXUjv2sN1aDkqKfnNy/AXZ370hxZxJ6rEPC48yBg==}
    dependencies:
      '@types/lodash': 4.14.202
    dev: false

  /@types/lodash@4.14.202:
    resolution: {integrity: sha512-OvlIYQK9tNneDlS0VN54LLd5uiPCBOp7gS5Z0f1mjoJYBrtStzgmJBxONW3U6OZqdtNzZPmn9BS/7WI7BFFcFQ==}
    dev: false

  /js-tokens@4.0.0:
    resolution: {integrity: sha512-RdJUflcE3cUzKiMqQgsCu06FPu9UdIJO0beYbPhHN4k6apgJtifcoCtT9bcxOpYBtpD2kCM6Sbzg4CausW/PKQ==}
    dev: false

  /lodash.startcase@4.4.0:
    resolution: {integrity: sha512-+WKqsK294HMSc2jEbNgpHpd0JfIBhp7rEV4aqXWqFr6AlXov+SlcgB1Fv01y2kGe3Gc8nMW7VA0SrGuSkRfIEg==}
    dev: false

  /lodash.tolower@4.1.2:
    resolution: {integrity: sha512-EAf5fkSV1KLMOYoltkRt51fd68+/tLhzQjb8/OeDv1yuD1C9t94XlMnM1siAZjJlnzsE5I/i4htRuz2RVdVqTw==}
    dev: false

  /loose-envify@1.4.0:
    resolution: {integrity: sha512-lyuxPGr/Wfhrlem2CL/UcnUc1zcqKAImBDzukY7Y5F/yQiNdko6+fRLevlw1HgMySw7f611UIY408EtxRSoK3Q==}
    hasBin: true
    dependencies:
      js-tokens: 4.0.0
    dev: false

  /react-dom@18.2.0(react@18.2.0):
    resolution: {integrity: sha512-6IMTriUmvsjHUjNtEDudZfuDQUoWXVxKHhlEGSk81n4YFS+r/Kl99wXiwlVXtPBtJenozv2P+hxDsw9eA7Xo6g==}
    peerDependencies:
      react: ^18.2.0
    dependencies:
      loose-envify: 1.4.0
      react: 18.2.0
      scheduler: 0.23.0
    dev: false

  /react@18.2.0:
    resolution: {integrity: sha512-/3IjMdb2L9QbBdWiW5e3P2/npwMBaU9mHCSCUzNln0ZCYbcfTsGbTJrU/kGemdH2IWmB2ioZ+zkxtmq6g09fGQ==}
    engines: {node: '>=0.10.0'}
    dependencies:
      loose-envify: 1.4.0
    dev: false

  /regenerator-runtime@0.14.1:
    resolution: {integrity: sha512-dYnhHh0nJoMfnkZs6GmmhFknAGRrLznOu5nc9ML+EJxGvrx6H7teuevqVqCuPcPK//3eDrrjQhehXVx9cnkGdw==}
    dev: false

  /scheduler@0.23.0:
    resolution: {integrity: sha512-CtuThmgHNg7zIZWAXi3AsyIzA3n4xx7aNyjwC2VJldO2LMVDhFK+63xGqq6CsJH4rTAt6/M+N4GhZiDYPx9eUw==}
    dependencies:
      loose-envify: 1.4.0
    dev: false
